
Microsoft Visual Studio Solution File, Format Version 12.00
# Visual Studio Version 17
VisualStudioVersion = 17.2.32602.215
MinimumVisualStudioVersion = 10.0.40219.1
Project("{1C5DE6F9-FD79-415B-9C34-7FBF2009DF05}") = "PoSH GUI Template", "PoSH GUI Template.csproj", "{C10AD2A4-9103-4B72-AF86-712CBD35C5B7}"
EndProject
Global
	GlobalSection(SolutionConfigurationPlatforms) = preSolution
		Debug|Any CPU = Debug|Any CPU
		Release|Any CPU = Release|Any CPU
	EndGlobalSection
	GlobalSection(ProjectConfigurationPlatforms) = postSolution
		{C10AD2A4-9103-4B72-AF86-712CBD35C5B7}.Debug|Any CPU.ActiveCfg = Debug|Any CPU
		{C10AD2A4-9103-4B72-AF86-712CBD35C5B7}.Debug|Any CPU.Build.0 = Debug|Any CPU
		{C10AD2A4-9103-4B72-AF86-712CBD35C5B7}.Release|Any CPU.ActiveCfg = Release|Any CPU
		{C10AD2A4-9103-4B72-AF86-712CBD35C5B7}.Release|Any CPU.Build.0 = Release|Any CPU
	EndGlobalSection
	GlobalSection(SolutionProperties) = preSolution
		HideSolutionNode = FALSE
	EndGlobalSection
	GlobalSection(ExtensibilityGlobals) = postSolution
		SolutionGuid = {C3FB29D0-C4CF-4828-9BEE-B939AEC60189}
	EndGlobalSection
EndGlobal
